{
  "name": "geohashing-layer",
  "version": "1.0.0",
  "lockfileVersion": 3,
  "requires": true,
  "packages": {
    "": {
      "name": "geohashing-layer",
      "version": "1.0.0",
      "license": "MIT",
      "dependencies": {
        "geohashing": "^1.1.2"
      }
    },
    "node_modules/geohashing": {
      "version": "1.1.2",
      "resolved": "https://registry.npmjs.org/geohashing/-/geohashing-1.1.2.tgz",
      "integrity": "sha512-C4P8lhcOYe5eDHgTMCtgr+auzNAixmEiN0mRB1JebETM1awSSKKQgr9N/0iK9MoIkW1HTKUz4mO1n8ovFTnehg=="
    }
  }
}
